
Microsoft Visual Studio Solution File, Format Version 12.00
# Visual Studio 15
VisualStudioVersion = 15.0.28307.106
MinimumVisualStudioVersion = 10.0.40219.1
Project("{FAE04EC0-301F-11D3-BF4B-00C04F79EFBC}") = "listbox_Load1", "listbox_Load1\listbox_Load1.csproj", "{48FFA218-D362-4A0E-9A48-6AE6F415717E}"
EndProject
Global
	GlobalSection(SolutionConfigurationPlatforms) = preSolution
		Debug|Any CPU = Debug|Any CPU
		Release|Any CPU = Release|Any CPU
	EndGlobalSection
	GlobalSection(ProjectConfigurationPlatforms) = postSolution
		{48FFA218-D362-4A0E-9A48-6AE6F415717E}.Debug|Any CPU.ActiveCfg = Debug|Any CPU
		{48FFA218-D362-4A0E-9A48-6AE6F415717E}.Debug|Any CPU.Build.0 = Debug|Any CPU
		{48FFA218-D362-4A0E-9A48-6AE6F415717E}.Release|Any CPU.ActiveCfg = Release|Any CPU
		{48FFA218-D362-4A0E-9A48-6AE6F415717E}.Release|Any CPU.Build.0 = Release|Any CPU
	EndGlobalSection
	GlobalSection(SolutionProperties) = preSolution
		HideSolutionNode = FALSE
	EndGlobalSection
	GlobalSection(ExtensibilityGlobals) = postSolution
		SolutionGuid = {579922E5-3962-42CE-927A-799BD0EA1D43}
	EndGlobalSection
EndGlobal
